
Microsoft Visual Studio Solution File, Format Version 12.00
# Visual Studio Version 17
VisualStudioVersion = 17.10.34928.147
MinimumVisualStudioVersion = 10.0.40219.1
Project("{FAE04EC0-301F-11D3-BF4B-00C04F79EFBC}") = "ControleContatos", "ControleContatos\ControleContatos.csproj", "{04D7B753-735D-4FEA-9CA3-02AAC95A6109}"
EndProject
Global
	GlobalSection(SolutionConfigurationPlatforms) = preSolution
		Debug|Any CPU = Debug|Any CPU
		Release|Any CPU = Release|Any CPU
	EndGlobalSection
	GlobalSection(ProjectConfigurationPlatforms) = postSolution
		{04D7B753-735D-4FEA-9CA3-02AAC95A6109}.Debug|Any CPU.ActiveCfg = Debug|Any CPU
		{04D7B753-735D-4FEA-9CA3-02AAC95A6109}.Debug|Any CPU.Build.0 = Debug|Any CPU
		{04D7B753-735D-4FEA-9CA3-02AAC95A6109}.Release|Any CPU.ActiveCfg = Release|Any CPU
		{04D7B753-735D-4FEA-9CA3-02AAC95A6109}.Release|Any CPU.Build.0 = Release|Any CPU
	EndGlobalSection
	GlobalSection(SolutionProperties) = preSolution
		HideSolutionNode = FALSE
	EndGlobalSection
	GlobalSection(ExtensibilityGlobals) = postSolution
		SolutionGuid = {479181E2-A15C-446F-A68F-96C52E69CF09}
	EndGlobalSection
EndGlobal
